
Microsoft Visual Studio Solution File, Format Version 12.00
# Visual Studio 14
VisualStudioVersion = 14.0.25420.1
MinimumVisualStudioVersion = 10.0.40219.1
Project("{FAE04EC0-301F-11D3-BF4B-00C04F79EFBC}") = "MoreAbstractClassesInterfaces", "MoreAbstractClassesInterfaces\MoreAbstractClassesInterfaces.csproj", "{830E730C-28BE-4DF9-BBEA-B600D9B07F59}"
EndProject
Global
	GlobalSection(SolutionConfigurationPlatforms) = preSolution
		Debug|Any CPU = Debug|Any CPU
		Release|Any CPU = Release|Any CPU
	EndGlobalSection
	GlobalSection(ProjectConfigurationPlatforms) = postSolution
		{830E730C-28BE-4DF9-BBEA-B600D9B07F59}.Debug|Any CPU.ActiveCfg = Debug|Any CPU
		{830E730C-28BE-4DF9-BBEA-B600D9B07F59}.Debug|Any CPU.Build.0 = Debug|Any CPU
		{830E730C-28BE-4DF9-BBEA-B600D9B07F59}.Release|Any CPU.ActiveCfg = Release|Any CPU
		{830E730C-28BE-4DF9-BBEA-B600D9B07F59}.Release|Any CPU.Build.0 = Release|Any CPU
	EndGlobalSection
	GlobalSection(SolutionProperties) = preSolution
		HideSolutionNode = FALSE
	EndGlobalSection
EndGlobal
